
Microsoft Visual Studio Solution File, Format Version 12.00
# Visual Studio 15
VisualStudioVersion = 15.0.28010.2026
MinimumVisualStudioVersion = 10.0.40219.1
Project("{FAE04EC0-301F-11D3-BF4B-00C04F79EFBC}") = "ServiceSource", "ServiceSource\ServiceSource.csproj", "{83ECE7B7-8637-4A2C-B32B-7A810852EDC2}"
EndProject
Project("{FAE04EC0-301F-11D3-BF4B-00C04F79EFBC}") = "ServiceDestination", "ServiceDestination\ServiceDestination.csproj", "{02FD71CE-3DBB-4238-9166-4D448E7C2204}"
EndProject
Global
	GlobalSection(SolutionConfigurationPlatforms) = preSolution
		Debug|Any CPU = Debug|Any CPU
		Release|Any CPU = Release|Any CPU
	EndGlobalSection
	GlobalSection(ProjectConfigurationPlatforms) = postSolution
		{83ECE7B7-8637-4A2C-B32B-7A810852EDC2}.Debug|Any CPU.ActiveCfg = Debug|Any CPU
		{83ECE7B7-8637-4A2C-B32B-7A810852EDC2}.Debug|Any CPU.Build.0 = Debug|Any CPU
		{83ECE7B7-8637-4A2C-B32B-7A810852EDC2}.Release|Any CPU.ActiveCfg = Release|Any CPU
		{83ECE7B7-8637-4A2C-B32B-7A810852EDC2}.Release|Any CPU.Build.0 = Release|Any CPU
		{02FD71CE-3DBB-4238-9166-4D448E7C2204}.Debug|Any CPU.ActiveCfg = Debug|Any CPU
		{02FD71CE-3DBB-4238-9166-4D448E7C2204}.Debug|Any CPU.Build.0 = Debug|Any CPU
		{02FD71CE-3DBB-4238-9166-4D448E7C2204}.Release|Any CPU.ActiveCfg = Release|Any CPU
		{02FD71CE-3DBB-4238-9166-4D448E7C2204}.Release|Any CPU.Build.0 = Release|Any CPU
	EndGlobalSection
	GlobalSection(SolutionProperties) = preSolution
		HideSolutionNode = FALSE
	EndGlobalSection
	GlobalSection(ExtensibilityGlobals) = postSolution
		SolutionGuid = {47EB1B5B-D18C-4F2F-BA76-EC15127BAA5C}
	EndGlobalSection
EndGlobal
